
Microsoft Visual Studio Solution File, Format Version 12.00
# Visual Studio Version 17
VisualStudioVersion = 17.13.35931.197 d17.13
MinimumVisualStudioVersion = 10.0.40219.1
Project("{FAE04EC0-301F-11D3-BF4B-00C04F79EFBC}") = "LedBlinker", "LedBlinker\LedBlinker.csproj", "{EAF7E7A9-29C6-4E6C-B1A2-F7F4837D7021}"
EndProject
Global
	GlobalSection(SolutionConfigurationPlatforms) = preSolution
		Debug|Any CPU = Debug|Any CPU
		Release|Any CPU = Release|Any CPU
	EndGlobalSection
	GlobalSection(ProjectConfigurationPlatforms) = postSolution
		{BD61D02A-0CFC-4A8D-90B8-73EA62B9CA6D}.Debug|Any CPU.ActiveCfg = Debug|Any CPU
		{BD61D02A-0CFC-4A8D-90B8-73EA62B9CA6D}.Debug|Any CPU.Build.0 = Debug|Any CPU
		{BD61D02A-0CFC-4A8D-90B8-73EA62B9CA6D}.Release|Any CPU.ActiveCfg = Release|Any CPU
		{BD61D02A-0CFC-4A8D-90B8-73EA62B9CA6D}.Release|Any CPU.Build.0 = Release|Any CPU
		{EAF7E7A9-29C6-4E6C-B1A2-F7F4837D7021}.Debug|Any CPU.ActiveCfg = Debug|Any CPU
		{EAF7E7A9-29C6-4E6C-B1A2-F7F4837D7021}.Debug|Any CPU.Build.0 = Debug|Any CPU
		{EAF7E7A9-29C6-4E6C-B1A2-F7F4837D7021}.Release|Any CPU.ActiveCfg = Release|Any CPU
		{EAF7E7A9-29C6-4E6C-B1A2-F7F4837D7021}.Release|Any CPU.Build.0 = Release|Any CPU
	EndGlobalSection
	GlobalSection(SolutionProperties) = preSolution
		HideSolutionNode = FALSE
	EndGlobalSection
	GlobalSection(ExtensibilityGlobals) = postSolution
		SolutionGuid = {485EDF17-7137-47D2-A034-18AB45DD702A}
	EndGlobalSection
EndGlobal
